core:changelogs:
  - content: "---\npackages:\n  pagegraph:\n    type: minor\n---\n\n### Verify and plan contextual links\n\nAdd `pagegraph links`, three commands over the link graph:\n\n- `links verify <url>` crawls served HTML and reports homepage depth, rendered\n  orphans, and the declared-vs-rendered gap. Anchor extraction honors `<base href>`,\n  and the crawl dedupes redirect targets and surfaces truncated bodies.\n- `links candidates` proposes reviewable, section-clustered contextual links from\n  the declared graph, excluding anchors already rendered, with an optional\n  `--decide` pass.\n- `links decide` answers real-reason and anchor-present probabilities for a\n  candidate set through TypeSafe System One (Jev), routing below-threshold\n  answers to human review.\n\n`pagegraph check` also gains `--require-inbound` (with a configurable policy) so a\nsitemap-eligible page must have at least N incoming contextual edges.\n"
    filename: 2026-09-19-links-decisions.md
    v: 0.0.0
core:packages:
  - changelogIds:
      - 2026-09-19-links-decisions.md
    id: npm:pagegraph
    updated: true
npm:packages:
  - id: npm:pagegraph
