core:changelogs:
  - content: "---\npackages:\n  pagegraph:\n    type: minor\n---\n\n### Answer SEO decisions with Jev\n\nAdd a reusable decision runner and five typed decision families, answered in one\nTypeSafe System One call per input. Confident answers produce a plan; answers\ninside the confidence band go to a review queue. Nothing is applied automatically.\n\n- `pagegraph decide serp` — classify the SERP format and score our page's fit,\n  intent, and title (aligned | mismatch | review).\n- `pagegraph decide content` — score the content rubric and place page value on\n  thin | adequate | strong (pass | flag | review).\n- `pagegraph decide fit` — choose the best existing page for a query, or flag\n  cannibalization or a gap (map | cannibalized | gap | review).\n- `pagegraph decide meta` — rank supplied title/description candidates\n  (choose:<id> | review).\n- `pagegraph decide authority` — judge a link target's legitimacy, spam, and\n  outreach worth, plus its fit (accept | spam | review).\n- `pagegraph decide links` (and the retained `links decide`) — real reason,\n  anchor present, direction (A→B / B→A / both), and relevance, with top-K\n  per-source budget selection.\n\nShared flags: `--model`, `--threshold`, `--concurrency`, `--cache`, `--review-out`,\nand `--budget` for links. Every record carries the model id and an input hash.\n"
    filename: 2026-09-20-jev-decision-layer.md
    v: 0.0.0
core:packages:
  - changelogIds:
      - 2026-09-20-jev-decision-layer.md
    id: npm:pagegraph
    updated: true
npm:packages:
  - id: npm:pagegraph
