core:changelogs:
  - content: "---\npackages:\n  pagegraph:\n    type: minor\n---\n\n### Find better internal linking opportunities\n\nPageGraph now finds sitemap pages that links alone miss and suggests useful\ncontextual links backed by exact page text. Use `links candidates --site` to\nreview ranked suggestions, then pass them to `improve links --suggestions` to\napprove edits.\n"
    filename: 2026-09-26-internal-linking-suggestions.md
    v: 0.0.0
core:packages:
  - changelogIds:
      - 2026-09-26-internal-linking-suggestions.md
    id: npm:pagegraph
    updated: true
npm:packages:
  - id: npm:pagegraph
